// !$*UTF8*$!
{
	archiveVersion = 1;
	classes = {
	};
	objectVersion = 55;
	objects = {

/* Begin PBXBuildFile section */
		AAB6C461289935D100A9F184 /* MyFrucutsApp.swift in Sources */ = {isa = PBXBuildFile; fileRef = AAB6C460289935D100A9F184 /* MyFrucutsApp.swift */; };
		AAB6C463289935D100A9F184 /* ContentView.swift in Sources */ = {isa = PBXBuildFile; fileRef = AAB6C462289935D100A9F184 /* ContentView.swift */; };
		AAB6C465289935D400A9F184 /* Assets.xcassets in Resources */ = {isa = PBXBuildFile; fileRef = AAB6C464289935D400A9F184 /* Assets.xcassets */; };
		AAB6C468289935D400A9F184 /* Preview Assets.xcassets in Resources */ = {isa = PBXBuildFile; fileRef = AAB6C467289935D400A9F184 /* Preview Assets.xcassets */; };
		AAB6C4712899383500A9F184 /* FruitCardView.swift in Sources */ = {isa = PBXBuildFile; fileRef = AAB6C4702899383500A9F184 /* FruitCardView.swift */; };
		AAB6C47328994B9E00A9F184 /* StartButtonView.swift in Sources */ = {isa = PBXBuildFile; fileRef = AAB6C47228994B9E00A9F184 /* StartButtonView.swift */; };
		AAB6C4752899593F00A9F184 /* OnBoardingView.swift in Sources */ = {isa = PBXBuildFile; fileRef = AAB6C4742899593F00A9F184 /* OnBoardingView.swift */; };
		AAB6C47928995A3700A9F184 /* FruitsData.swift in Sources */ = {isa = PBXBuildFile; fileRef = AAB6C47828995A3700A9F184 /* FruitsData.swift */; };
/* End PBXBuildFile section */

/* Begin PBXFileReference section */
		AAB6C45D289935D100A9F184 /* MyFrucuts.app */ = {isa = PBXFileReference; explicitFileType = wrapper.application; includeInIndex = 0; path = MyFrucuts.app; sourceTree = BUILT_PRODUCTS_DIR; };
		AAB6C460289935D100A9F184 /* MyFrucutsApp.swift */ = {isa = PBXFileReference; lastKnownFileType = sourcecode.swift; path = MyFrucutsApp.swift; sourceTree = "<group>"; };
		AAB6C462289935D100A9F184 /* ContentView.swift */ = {isa = PBXFileReference; lastKnownFileType = sourcecode.swift; path = ContentView.swift; sourceTree = "<group>"; };
		AAB6C464289935D400A9F184 /* Assets.xcassets */ = {isa = PBXFileReference; lastKnownFileType = folder.assetcatalog; path = Assets.xcassets; sourceTree = "<group>"; };
		AAB6C467289935D400A9F184 /* Preview Assets.xcassets */ = {isa = PBXFileReference; lastKnownFileType = folder.assetcatalog; path = "Preview Assets.xcassets"; sourceTree = "<group>"; };
		AAB6C4702899383500A9F184 /* FruitCardView.swift */ = {isa = PBXFileReference; lastKnownFileType = sourcecode.swift; path = FruitCardView.swift; sourceTree = "<group>"; };
		AAB6C47228994B9E00A9F184 /* StartButtonView.swift */ = {isa = PBXFileReference; lastKnownFileType = sourcecode.swift; path = StartButtonView.swift; sourceTree = "<group>"; };
		AAB6C4742899593F00A9F184 /* OnBoardingView.swift */ = {isa = PBXFileReference; lastKnownFileType = sourcecode.swift; path = OnBoardingView.swift; sourceTree = "<group>"; };
		AAB6C47828995A3700A9F184 /* FruitsData.swift */ = {isa = PBXFileReference; lastKnownFileType = sourcecode.swift; path = FruitsData.swift; sourceTree = "<group>"; };
/* End PBXFileReference section */

/* Begin PBXFrameworksBuildPhase section */
		AAB6C45A289935D100A9F184 /* Frameworks */ = {
			isa = PBXFrameworksBuildPhase;
			buildActionMask = 2147483647;
			files = (
			);
			runOnlyForDeploymentPostprocessing = 0;
		};
/* End PBXFrameworksBuildPhase section */

/* Begin PBXGroup section */
		AAB6C454289935D100A9F184 = {
			isa = PBXGroup;
			children = (
				AAB6C45F289935D100A9F184 /* MyFrucuts */,
				AAB6C45E289935D100A9F184 /* Products */,
			);
			sourceTree = "<group>";
		};
		AAB6C45E289935D100A9F184 /* Products */ = {
			isa = PBXGroup;
			children = (
				AAB6C45D289935D100A9F184 /* MyFrucuts.app */,
			);
			name = Products;
			sourceTree = "<group>";
		};
		AAB6C45F289935D100A9F184 /* MyFrucuts */ = {
			isa = PBXGroup;
			children = (
				AAB6C47728995A2600A9F184 /* Data */,
				AAB6C46F2899381400A9F184 /* Views */,
				AAB6C460289935D100A9F184 /* MyFrucutsApp.swift */,
				AAB6C46E289937B700A9F184 /* Screens */,
				AAB6C464289935D400A9F184 /* Assets.xcassets */,
				AAB6C466289935D400A9F184 /* Preview Content */,
			);
			path = MyFrucuts;
			sourceTree = "<group>";
		};
		AAB6C466289935D400A9F184 /* Preview Content */ = {
			isa = PBXGroup;
			children = (
				AAB6C467289935D400A9F184 /* Preview Assets.xcassets */,
			);
			path = "Preview Content";
			sourceTree = "<group>";
		};
		AAB6C46E289937B700A9F184 /* Screens */ = {
			isa = PBXGroup;
			children = (
				AAB6C462289935D100A9F184 /* ContentView.swift */,
			);
			path = Screens;
			sourceTree = "<group>";
		};
		AAB6C46F2899381400A9F184 /* Views */ = {
			isa = PBXGroup;
			children = (
				AAB6C4702899383500A9F184 /* FruitCardView.swift */,
				AAB6C47228994B9E00A9F184 /* StartButtonView.swift */,
				AAB6C4742899593F00A9F184 /* OnBoardingView.swift */,
			);
			path = Views;
			sourceTree = "<group>";
		};
		AAB6C47728995A2600A9F184 /* Data */ = {
			isa = PBXGroup;
			children = (
				AAB6C47828995A3700A9F184 /* FruitsData.swift */,
			);
			path = Data;
			sourceTree = "<group>";
		};
/* End PBXGroup section */

/* Begin PBXNativeTarget section */
		AAB6C45C289935D100A9F184 /* MyFrucuts */ = {
			isa = PBXNativeTarget;
			buildConfigurationList = AAB6C46B289935D400A9F184 /* Build configuration list for PBXNativeTarget "MyFrucuts" */;
			buildPhases = (
				AAB6C459289935D100A9F184 /* Sources */,
				AAB6C45A289935D100A9F184 /* Frameworks */,
				AAB6C45B289935D100A9F184 /* Resources */,
			);
			buildRules = (
			);
			dependencies = (
			);
			name = MyFrucuts;
			productName = MyFrucuts;
			productReference = AAB6C45D289935D100A9F184 /* MyFrucuts.app */;
			productType = "com.apple.product-type.application";
		};
/* End PBXNativeTarget section */

/* Begin PBXProject section */
		AAB6C455289935D100A9F184 /* Project object */ = {
			isa = PBXProject;
			attributes = {
				BuildIndependentTargetsInParallel = 1;
				LastSwiftUpdateCheck = 1320;
				LastUpgradeCheck = 1320;
				TargetAttributes = {
					AAB6C45C289935D100A9F184 = {
						CreatedOnToolsVersion = 13.2.1;
					};
				};
			};
			buildConfigurationList = AAB6C458289935D100A9F184 /* Build configuration list for PBXProject "MyFrucuts" */;
			compatibilityVersion = "Xcode 13.0";
			developmentRegion = en;
			hasScannedForEncodings = 0;
			knownRegions = (
				en,
				Base,
			);
			mainGroup = AAB6C454289935D100A9F184;
			productRefGroup = AAB6C45E289935D100A9F184 /* Products */;
			projectDirPath = "";
			projectRoot = "";
			targets = (
				AAB6C45C289935D100A9F184 /* MyFrucuts */,
			);
		};
/* End PBXProject section */

/* Begin PBXResourcesBuildPhase section */
		AAB6C45B289935D100A9F184 /* Resources */ = {
			isa = PBXResourcesBuildPhase;
			buildActionMask = 2147483647;
			files = (
				AAB6C468289935D400A9F184 /* Preview Assets.xcassets in Resources */,
				AAB6C465289935D400A9F184 /* Assets.xcassets in Resources */,
			);
			runOnlyForDeploymentPostprocessing = 0;
		};
/* End PBXResourcesBuildPhase section */

/* Begin PBXSourcesBuildPhase section */
		AAB6C459289935D100A9F184 /* Sources */ = {
			isa = PBXSourcesBuildPhase;
			buildActionMask = 2147483647;
			files = (
				AAB6C4712899383500A9F184 /* FruitCardView.swift in Sources */,
				AAB6C47328994B9E00A9F184 /* StartButtonView.swift in Sources */,
				AAB6C47928995A3700A9F184 /* FruitsData.swift in Sources */,
				AAB6C463289935D100A9F184 /* ContentView.swift in Sources */,
				AAB6C4752899593F00A9F184 /* OnBoardingView.swift in Sources */,
				AAB6C461289935D100A9F184 /* MyFrucutsApp.swift in Sources */,
			);
			runOnlyForDeploymentPostprocessing = 0;
		};
/* End PBXSourcesBuildPhase section */

/* Begin XCBuildConfiguration section */
		AAB6C469289935D400A9F184 /* Debug */ = {
			isa = XCBuildConfiguration;
			buildSettings = {
				ALWAYS_SEARCH_USER_PATHS = NO;
				CLANG_ANALYZER_NONNULL = YES;
				CLANG_ANALYZER_NUMBER_OBJECT_CONVERSION = YES_AGGRESSIVE;
				CLANG_CXX_LANGUAGE_STANDARD = "gnu++17";
				CLANG_CXX_LIBRARY = "libc++";
				CLANG_ENABLE_MODULES = YES;
				CLANG_ENABLE_OBJC_ARC = YES;
				CLANG_ENABLE_OBJC_WEAK = YES;
				CLANG_WARN_BLOCK_CAPTURE_AUTORELEASING = YES;
				CLANG_WARN_BOOL_CONVERSION = YES;
				CLANG_WARN_COMMA = YES;
				CLANG_WARN_CONSTANT_CONVERSION = YES;
				CLANG_WARN_DEPRECATED_OBJC_IMPLEMENTATIONS = YES;
				CLANG_WARN_DIRECT_OBJC_ISA_USAGE = YES_ERROR;
				CLANG_WARN_DOCUMENTATION_COMMENTS = YES;
				CLANG_WARN_EMPTY_BODY = YES;
				CLANG_WARN_ENUM_CONVERSION = YES;
				CLANG_WARN_INFINITE_RECURSION = YES;
				CLANG_WARN_INT_CONVERSION = YES;
				CLANG_WARN_NON_LITERAL_NULL_CONVERSION = YES;
				CLANG_WARN_OBJC_IMPLICIT_RETAIN_SELF = YES;
				CLANG_WARN_OBJC_LITERAL_CONVERSION = YES;
				CLANG_WARN_OBJC_ROOT_CLASS = YES_ERROR;
				CLANG_WARN_QUOTED_INCLUDE_IN_FRAMEWORK_HEADER = YES;
				CLANG_WARN_RANGE_LOOP_ANALYSIS = YES;
				CLANG_WARN_STRICT_PROTOTYPES = YES;
				CLANG_WARN_SUSPICIOUS_MOVE = YES;
				CLANG_WARN_UNGUARDED_AVAILABILITY = YES_AGGRESSIVE;
				CLANG_WARN_UNREACHABLE_CODE = YES;
				CLANG_WARN__DUPLICATE_METHOD_MATCH = YES;
				COPY_PHASE_STRIP = NO;
				DEBUG_INFORMATION_FORMAT = dwarf;
				ENABLE_STRICT_OBJC_MSGSEND = YES;
				ENABLE_TESTABILITY = YES;
				GCC_C_LANGUAGE_STANDARD = gnu11;
				GCC_DYNAMIC_NO_PIC = NO;
				GCC_NO_COMMON_BLOCKS = YES;
				GCC_OPTIMIZATION_LEVEL = 0;
				GCC_PREPROCESSOR_DEFINITIONS = (
					"DEBUG=1",
					"$(inherited)",
				);
				GCC_WARN_64_TO_32_BIT_CONVERSION = YES;
				GCC_WARN_ABOUT_RETURN_TYPE = YES_ERROR;
				GCC_WARN_UNDECLARED_SELECTOR = YES;
				GCC_WARN_UNINITIALIZED_AUTOS = YES_AGGRESSIVE;
				GCC_WARN_UNUSED_FUNCTION = YES;
				GCC_WARN_UNUSED_VARIABLE = YES;
				IPHONEOS_DEPLOYMENT_TARGET = 15.2;
				MTL_ENABLE_DEBUG_INFO = INCLUDE_SOURCE;
				MTL_FAST_MATH = YES;
				ONLY_ACTIVE_ARCH = YES;
				SDKROOT = iphoneos;
				SWIFT_ACTIVE_COMPILATION_CONDITIONS = DEBUG;
				SWIFT_OPTIMIZATION_LEVEL = "-Onone";
			};
			name = Debug;
		};
		AAB6C46A289935D400A9F184 /* Release */ = {
			isa = XCBuildConfiguration;
			buildSettings = {
				ALWAYS_SEARCH_USER_PATHS = NO;
				CLANG_ANALYZER_NONNULL = YES;
				CLANG_ANALYZER_NUMBER_OBJECT_CONVERSION = YES_AGGRESSIVE;
				CLANG_CXX_LANGUAGE_STANDARD = "gnu++17";
				CLANG_CXX_LIBRARY = "libc++";
				CLANG_ENABLE_MODULES = YES;
				CLANG_ENABLE_OBJC_ARC = YES;
				CLANG_ENABLE_OBJC_WEAK = YES;
				CLANG_WARN_BLOCK_CAPTURE_AUTORELEASING = YES;
				CLANG_WARN_BOOL_CONVERSION = YES;
				CLANG_WARN_COMMA = YES;
				CLANG_WARN_CONSTANT_CONVERSION = YES;
				CLANG_WARN_DEPRECATED_OBJC_IMPLEMENTATIONS = YES;
				CLANG_WARN_DIRECT_OBJC_ISA_USAGE = YES_ERROR;
				CLANG_WARN_DOCUMENTATION_COMMENTS = YES;
				CLANG_WARN_EMPTY_BODY = YES;
				CLANG_WARN_ENUM_CONVERSION = YES;
				CLANG_WARN_INFINITE_RECURSION = YES;
				CLANG_WARN_INT_CONVERSION = YES;
				CLANG_WARN_NON_LITERAL_NULL_CONVERSION = YES;
				CLANG_WARN_OBJC_IMPLICIT_RETAIN_SELF = YES;
				CLANG_WARN_OBJC_LITERAL_CONVERSION = YES;
				CLANG_WARN_OBJC_ROOT_CLASS = YES_ERROR;
				CLANG_WARN_QUOTED_INCLUDE_IN_FRAMEWORK_HEADER = YES;
				CLANG_WARN_RANGE_LOOP_ANALYSIS = YES;
				CLANG_WARN_STRICT_PROTOTYPES = YES;
				CLANG_WARN_SUSPICIOUS_MOVE = YES;
				CLANG_WARN_UNGUARDED_AVAILABILITY = YES_AGGRESSIVE;
				CLANG_WARN_UNREACHABLE_CODE = YES;
				CLANG_WARN__DUPLICATE_METHOD_MATCH = YES;
				COPY_PHASE_STRIP = NO;
				DEBUG_INFORMATION_FORMAT = "dwarf-with-dsym";
				ENABLE_NS_ASSERTIONS = NO;
				ENABLE_STRICT_OBJC_MSGSEND = YES;
				GCC_C_LANGUAGE_STANDARD = gnu11;
				GCC_NO_COMMON_BLOCKS = YES;
				GCC_WARN_64_TO_32_BIT_CONVERSION = YES;
				GCC_WARN_ABOUT_RETURN_TYPE = YES_ERROR;
				GCC_WARN_UNDECLARED_SELECTOR = YES;
				GCC_WARN_UNINITIALIZED_AUTOS = YES_AGGRESSIVE;
				GCC_WARN_UNUSED_FUNCTION = YES;
				GCC_WARN_UNUSED_VARIABLE = YES;
				IPHONEOS_DEPLOYMENT_TARGET = 15.2;
				MTL_ENABLE_DEBUG_INFO = NO;
				MTL_FAST_MATH = YES;
				SDKROOT = iphoneos;
				SWIFT_COMPILATION_MODE = wholemodule;
				SWIFT_OPTIMIZATION_LEVEL = "-O";
				VALIDATE_PRODUCT = YES;
			};
			name = Release;
		};
		AAB6C46C289935D400A9F184 /* Debug */ = {
			isa = XCBuildConfiguration;
			buildSettings = {
				ASSETCATALOG_COMPILER_APPICON_NAME = AppIcon;
				ASSETCATALOG_COMPILER_GLOBAL_ACCENT_COLOR_NAME = AccentColor;
				CODE_SIGN_STYLE = Automatic;
				CURRENT_PROJECT_VERSION = 1;
				DEVELOPMENT_ASSET_PATHS = "\"MyFrucuts/Preview Content\"";
				DEVELOPMENT_TEAM = 6WH7TPB8QB;
				ENABLE_PREVIEWS = YES;
				GENERATE_INFOPLIST_FILE = YES;
				INFOPLIST_KEY_UIApplicationSceneManifest_Generation = YES;
				INFOPLIST_KEY_UIApplicationSupportsIndirectInputEvents = YES;
				INFOPLIST_KEY_UILaunchScreen_Generation = YES;
				INFOPLIST_KEY_UISupportedInterfaceOrientations_iPad = "UIInterfaceOrientationPortrait UIInterfaceOrientationPortraitUpsideDown UIInterfaceOrientationLandscapeLeft UIInterfaceOrientationLandscapeRight";
				INFOPLIST_KEY_UISupportedInterfaceOrientations_iPhone = "UIInterfaceOrientationPortrait UIInterfaceOrientationLandscapeLeft UIInterfaceOrientationLandscapeRight";
				LD_RUNPATH_SEARCH_PATHS = (
					"$(inherited)",
					"@executable_path/Frameworks",
				);
				MARKETING_VERSION = 1.0;
				PRODUCT_BUNDLE_IDENTIFIER = com.swiftUI.MasterClass.Test2.MyFrucuts;
				PRODUCT_NAME = "$(TARGET_NAME)";
				SWIFT_EMIT_LOC_STRINGS = YES;
				SWIFT_VERSION = 5.0;
				TARGETED_DEVICE_FAMILY = "1,2";
			};
			name = Debug;
		};
		AAB6C46D289935D400A9F184 /* Release */ = {
			isa = XCBuildConfiguration;
			buildSettings = {
				ASSETCATALOG_COMPILER_APPICON_NAME = AppIcon;
				ASSETCATALOG_COMPILER_GLOBAL_ACCENT_COLOR_NAME = AccentColor;
				CODE_SIGN_STYLE = Automatic;
				CURRENT_PROJECT_VERSION = 1;
				DEVELOPMENT_ASSET_PATHS = "\"MyFrucuts/Preview Content\"";
				DEVELOPMENT_TEAM = 6WH7TPB8QB;
				ENABLE_PREVIEWS = YES;
				GENERATE_INFOPLIST_FILE = YES;
				INFOPLIST_KEY_UIApplicationSceneManifest_Generation = YES;
				INFOPLIST_KEY_UIApplicationSupportsIndirectInputEvents = YES;
				INFOPLIST_KEY_UILaunchScreen_Generation = YES;
				INFOPLIST_KEY_UISupportedInterfaceOrientations_iPad = "UIInterfaceOrientationPortrait UIInterfaceOrientationPortraitUpsideDown UIInterfaceOrientationLandscapeLeft UIInterfaceOrientationLandscapeRight";
				INFOPLIST_KEY_UISupportedInterfaceOrientations_iPhone = "UIInterfaceOrientationPortrait UIInterfaceOrientationLandscapeLeft UIInterfaceOrientationLandscapeRight";
				LD_RUNPATH_SEARCH_PATHS = (
					"$(inherited)",
					"@executable_path/Frameworks",
				);
				MARKETING_VERSION = 1.0;
				PRODUCT_BUNDLE_IDENTIFIER = com.swiftUI.MasterClass.Test2.MyFrucuts;
				PRODUCT_NAME = "$(TARGET_NAME)";
				SWIFT_EMIT_LOC_STRINGS = YES;
				SWIFT_VERSION = 5.0;
				TARGETED_DEVICE_FAMILY = "1,2";
			};
			name = Release;
		};
/* End XCBuildConfiguration section */

/* Begin XCConfigurationList section */
		AAB6C458289935D100A9F184 /* Build configuration list for PBXProject "MyFrucuts" */ = {
			isa = XCConfigurationList;
			buildConfigurations = (
				AAB6C469289935D400A9F184 /* Debug */,
				AAB6C46A289935D400A9F184 /* Release */,
			);
			defaultConfigurationIsVisible = 0;
			defaultConfigurationName = Release;
		};
		AAB6C46B289935D400A9F184 /* Build configuration list for PBXNativeTarget "MyFrucuts" */ = {
			isa = XCConfigurationList;
			buildConfigurations = (
				AAB6C46C289935D400A9F184 /* Debug */,
				AAB6C46D289935D400A9F184 /* Release */,
			);
			defaultConfigurationIsVisible = 0;
			defaultConfigurationName = Release;
		};
/* End XCConfigurationList section */
	};
	rootObject = AAB6C455289935D100A9F184 /* Project object */;
}
